
Microsoft Visual Studio Solution File, Format Version 12.00
# Visual Studio Version 17
VisualStudioVersion = 17.4.33122.133
MinimumVisualStudioVersion = 10.0.40219.1
Project("{FAE04EC0-301F-11D3-BF4B-00C04F79EFBC}") = "XamlSetMarkupExtensionExample", "XamlSetMarkupExtensionExample\XamlSetMarkupExtensionExample.csproj", "{91764C42-916E-47C1-8ABA-FAF31470F2CF}"
EndProject
Global
	GlobalSection(SolutionConfigurationPlatforms) = preSolution
		Debug|Any CPU = Debug|Any CPU
		Release|Any CPU = Release|Any CPU
	EndGlobalSection
	GlobalSection(ProjectConfigurationPlatforms) = postSolution
		{91764C42-916E-47C1-8ABA-FAF31470F2CF}.Debug|Any CPU.ActiveCfg = Debug|Any CPU
		{91764C42-916E-47C1-8ABA-FAF31470F2CF}.Debug|Any CPU.Build.0 = Debug|Any CPU
		{91764C42-916E-47C1-8ABA-FAF31470F2CF}.Release|Any CPU.ActiveCfg = Release|Any CPU
		{91764C42-916E-47C1-8ABA-FAF31470F2CF}.Release|Any CPU.Build.0 = Release|Any CPU
	EndGlobalSection
	GlobalSection(SolutionProperties) = preSolution
		HideSolutionNode = FALSE
	EndGlobalSection
	GlobalSection(ExtensibilityGlobals) = postSolution
		SolutionGuid = {0883FBAE-602E-451E-A499-304EFCCCAA3F}
	EndGlobalSection
EndGlobal
